
Microsoft Visual Studio Solution File, Format Version 12.00
# Visual Studio Version 17
VisualStudioVersion = 17.2.32526.322
MinimumVisualStudioVersion = 10.0.40219.1
Project("{FAE04EC0-301F-11D3-BF4B-00C04F79EFBC}") = "Pt_For_Me", "Pt_For_Me.csproj", "{6457AF24-7ABD-4C2D-A231-F694578133EA}"
EndProject
Global
	GlobalSection(SolutionConfigurationPlatforms) = preSolution
		Debug|Any CPU = Debug|Any CPU
		Release|Any CPU = Release|Any CPU
	EndGlobalSection
	GlobalSection(ProjectConfigurationPlatforms) = postSolution
		{6457AF24-7ABD-4C2D-A231-F694578133EA}.Debug|Any CPU.ActiveCfg = Debug|Any CPU
		{6457AF24-7ABD-4C2D-A231-F694578133EA}.Debug|Any CPU.Build.0 = Debug|Any CPU
		{6457AF24-7ABD-4C2D-A231-F694578133EA}.Release|Any CPU.ActiveCfg = Release|Any CPU
		{6457AF24-7ABD-4C2D-A231-F694578133EA}.Release|Any CPU.Build.0 = Release|Any CPU
	EndGlobalSection
	GlobalSection(SolutionProperties) = preSolution
		HideSolutionNode = FALSE
	EndGlobalSection
	GlobalSection(ExtensibilityGlobals) = postSolution
		SolutionGuid = {4577CAB2-A6AA-43B0-A6B9-205DE1596856}
	EndGlobalSection
EndGlobal
